
Microsoft Visual Studio Solution File, Format Version 12.00
# Visual Studio Version 16
VisualStudioVersion = 16.0.30907.101
MinimumVisualStudioVersion = 10.0.40219.1
Project("{FAE04EC0-301F-11D3-BF4B-00C04F79EFBC}") = "Sqlite.Benchmarking", "Sqlite.Benchmarking.csproj", "{73A57224-E56E-4FD3-97A9-275DEAE7A3F3}"
EndProject
Global
	GlobalSection(SolutionConfigurationPlatforms) = preSolution
		Debug|Any CPU = Debug|Any CPU
		Release|Any CPU = Release|Any CPU
	EndGlobalSection
	GlobalSection(ProjectConfigurationPlatforms) = postSolution
		{73A57224-E56E-4FD3-97A9-275DEAE7A3F3}.Debug|Any CPU.ActiveCfg = Debug|Any CPU
		{73A57224-E56E-4FD3-97A9-275DEAE7A3F3}.Debug|Any CPU.Build.0 = Debug|Any CPU
		{73A57224-E56E-4FD3-97A9-275DEAE7A3F3}.Release|Any CPU.ActiveCfg = Release|Any CPU
		{73A57224-E56E-4FD3-97A9-275DEAE7A3F3}.Release|Any CPU.Build.0 = Release|Any CPU
	EndGlobalSection
	GlobalSection(SolutionProperties) = preSolution
		HideSolutionNode = FALSE
	EndGlobalSection
	GlobalSection(ExtensibilityGlobals) = postSolution
		SolutionGuid = {2FC06D38-00E8-4C87-BB5B-8E119556C52A}
	EndGlobalSection
EndGlobal
